// !$*UTF8*$!
{
	archiveVersion = 1;
	classes = {
	};
	objectVersion = 46;
	objects = {

/* Begin PBXBuildFile section */
		962D221619F6CBDB00890796 /* SpriteKit.framework in Frameworks */ = {isa = PBXBuildFile; fileRef = 962D221519F6CBDA00890796 /* SpriteKit.framework */; };
		9680CB4619F0CF2B0095763E /* MediaPlayer.framework in Frameworks */ = {isa = PBXBuildFile; fileRef = 9680CB4519F0CF2B0095763E /* MediaPlayer.framework */; };
		9680CB4819F0D0090095763E /* CoreGraphics.framework in Frameworks */ = {isa = PBXBuildFile; fileRef = 9680CB4719F0D0090095763E /* CoreGraphics.framework */; };
		9680CB4A19F0D01C0095763E /* Foundation.framework in Frameworks */ = {isa = PBXBuildFile; fileRef = 9680CB4919F0D01C0095763E /* Foundation.framework */; };
		9680CB4C19F0D02F0095763E /* UIKit.framework in Frameworks */ = {isa = PBXBuildFile; fileRef = 9680CB4B19F0D02F0095763E /* UIKit.framework */; };
		96A0A8F119FA346000B28206 /* musicalnote_shadow.png in Resources */ = {isa = PBXBuildFile; fileRef = 96A0A8F019FA346000B28206 /* musicalnote_shadow.png */; };
		96A0A8F319FA386600B28206 /* seekbar1.png in Resources */ = {isa = PBXBuildFile; fileRef = 96A0A8F219FA386600B28206 /* seekbar1.png */; };
		96B8C1E519E45E180042C6E6 /* 青大円.png in Resources */ = {isa = PBXBuildFile; fileRef = 96B8C1E419E45E180042C6E6 /* 青大円.png */; };
		96B8C1E719E463110042C6E6 /* 再生ボタン.png in Resources */ = {isa = PBXBuildFile; fileRef = 96B8C1E619E463110042C6E6 /* 再生ボタン.png */; };
		96B8C1E919E4682F0042C6E6 /* 矢印.png in Resources */ = {isa = PBXBuildFile; fileRef = 96B8C1E819E4682F0042C6E6 /* 矢印.png */; };
		96BD63CB19F9731100E18209 /* SecondViewController.swift in Sources */ = {isa = PBXBuildFile; fileRef = 96BD63CA19F9731100E18209 /* SecondViewController.swift */; };
		96C9FF6719F7A42C004DDB56 /* button_left.png in Resources */ = {isa = PBXBuildFile; fileRef = 96C9FF6619F7A42C004DDB56 /* button_left.png */; };
		96C9FF6919F7A436004DDB56 /* button_right.png in Resources */ = {isa = PBXBuildFile; fileRef = 96C9FF6819F7A436004DDB56 /* button_right.png */; };
		96C9FF6D19F7A494004DDB56 /* 停止ボタン.png in Resources */ = {isa = PBXBuildFile; fileRef = 96C9FF6C19F7A494004DDB56 /* 停止ボタン.png */; };
		96E9C09619E4421000C7A502 /* AppDelegate.swift in Sources */ = {isa = PBXBuildFile; fileRef = 96E9C09519E4421000C7A502 /* AppDelegate.swift */; };
		96E9C09819E4421000C7A502 /* ViewController.swift in Sources */ = {isa = PBXBuildFile; fileRef = 96E9C09719E4421000C7A502 /* ViewController.swift */; };
		96E9C09B19E4421000C7A502 /* Main.storyboard in Resources */ = {isa = PBXBuildFile; fileRef = 96E9C09919E4421000C7A502 /* Main.storyboard */; };
		96E9C09D19E4421000C7A502 /* Images.xcassets in Resources */ = {isa = PBXBuildFile; fileRef = 96E9C09C19E4421000C7A502 /* Images.xcassets */; };
		96E9C0A019E4421000C7A502 /* LaunchScreen.xib in Resources */ = {isa = PBXBuildFile; fileRef = 96E9C09E19E4421000C7A502 /* LaunchScreen.xib */; };
		96E9C0AC19E4421000C7A502 /* RhythWalkTests.swift in Sources */ = {isa = PBXBuildFile; fileRef = 96E9C0AB19E4421000C7A502 /* RhythWalkTests.swift */; };
/* End PBXBuildFile section */

/* Begin PBXContainerItemProxy section */
		96E9C0A619E4421000C7A502 /* PBXContainerItemProxy */ = {
			isa = PBXContainerItemProxy;
			containerPortal = 96E9C08819E4421000C7A502 /* Project object */;
			proxyType = 1;
			remoteGlobalIDString = 96E9C08F19E4421000C7A502;
			remoteInfo = RhythWalk;
		};
/* End PBXContainerItemProxy section */

/* Begin PBXFileReference section */
		962D221519F6CBDA00890796 /* SpriteKit.framework */ = {isa = PBXFileReference; lastKnownFileType = wrapper.framework; name = SpriteKit.framework; path = System/Library/Frameworks/SpriteKit.framework; sourceTree = SDKROOT; };
		9680CB4519F0CF2B0095763E /* MediaPlayer.framework */ = {isa = PBXFileReference; lastKnownFileType = wrapper.framework; name = MediaPlayer.framework; path = System/Library/Frameworks/MediaPlayer.framework; sourceTree = SDKROOT; };
		9680CB4719F0D0090095763E /* CoreGraphics.framework */ = {isa = PBXFileReference; lastKnownFileType = wrapper.framework; name = CoreGraphics.framework; path = System/Library/Frameworks/CoreGraphics.framework; sourceTree = SDKROOT; };
		9680CB4919F0D01C0095763E /* Foundation.framework */ = {isa = PBXFileReference; lastKnownFileType = wrapper.framework; name = Foundation.framework; path = System/Library/Frameworks/Foundation.framework; sourceTree = SDKROOT; };
		9680CB4B19F0D02F0095763E /* UIKit.framework */ = {isa = PBXFileReference; lastKnownFileType = wrapper.framework; name = UIKit.framework; path = System/Library/Frameworks/UIKit.framework; sourceTree = SDKROOT; };
		96A0A8F019FA346000B28206 /* musicalnote_shadow.png */ = {isa = PBXFileReference; lastKnownFileType = image.png; path = musicalnote_shadow.png; sourceTree = "<group>"; };
		96A0A8F219FA386600B28206 /* seekbar1.png */ = {isa = PBXFileReference; lastKnownFileType = image.png; path = seekbar1.png; sourceTree = "<group>"; };
		96B8C1E419E45E180042C6E6 /* 青大円.png */ = {isa = PBXFileReference; lastKnownFileType = image.png; path = "青大円.png"; sourceTree = "<group>"; };
		96B8C1E619E463110042C6E6 /* 再生ボタン.png */ = {isa = PBXFileReference; lastKnownFileType = image.png; path = "再生ボタン.png"; sourceTree = "<group>"; };
		96B8C1E819E4682F0042C6E6 /* 矢印.png */ = {isa = PBXFileReference; lastKnownFileType = image.png; path = "矢印.png"; sourceTree = "<group>"; };
		96BD63CA19F9731100E18209 /* SecondViewController.swift */ = {isa = PBXFileReference; fileEncoding = 4; lastKnownFileType = sourcecode.swift; path = SecondViewController.swift; sourceTree = "<group>"; };
		96C9FF6619F7A42C004DDB56 /* button_left.png */ = {isa = PBXFileReference; lastKnownFileType = image.png; path = button_left.png; sourceTree = "<group>"; };
		96C9FF6819F7A436004DDB56 /* button_right.png */ = {isa = PBXFileReference; lastKnownFileType = image.png; path = button_right.png; sourceTree = "<group>"; };
		96C9FF6C19F7A494004DDB56 /* 停止ボタン.png */ = {isa = PBXFileReference; lastKnownFileType = image.png; path = "停止ボタン.png"; sourceTree = "<group>"; };
		96E9C09019E4421000C7A502 /* RhythWalk.app */ = {isa = PBXFileReference; explicitFileType = wrapper.application; includeInIndex = 0; path = RhythWalk.app; sourceTree = BUILT_PRODUCTS_DIR; };
		96E9C09419E4421000C7A502 /* Info.plist */ = {isa = PBXFileReference; lastKnownFileType = text.plist.xml; path = Info.plist; sourceTree = "<group>"; };
		96E9C09519E4421000C7A502 /* AppDelegate.swift */ = {isa = PBXFileReference; lastKnownFileType = sourcecode.swift; path = AppDelegate.swift; sourceTree = "<group>"; };
		96E9C09719E4421000C7A502 /* ViewController.swift */ = {isa = PBXFileReference; lastKnownFileType = sourcecode.swift; path = ViewController.swift; sourceTree = "<group>"; };
		96E9C09A19E4421000C7A502 /* Base */ = {isa = PBXFileReference; lastKnownFileType = file.storyboard; name = Base; path = Base.lproj/Main.storyboard; sourceTree = "<group>"; };
		96E9C09C19E4421000C7A502 /* Images.xcassets */ = {isa = PBXFileReference; lastKnownFileType = folder.assetcatalog; path = Images.xcassets; sourceTree = "<group>"; };
		96E9C09F19E4421000C7A502 /* Base */ = {isa = PBXFileReference; lastKnownFileType = file.xib; name = Base; path = Base.lproj/LaunchScreen.xib; sourceTree = "<group>"; };
		96E9C0A519E4421000C7A502 /* RhythWalkTests.xctest */ = {isa = PBXFileReference; explicitFileType = wrapper.cfbundle; includeInIndex = 0; path = RhythWalkTests.xctest; sourceTree = BUILT_PRODUCTS_DIR; };
		96E9C0AA19E4421000C7A502 /* Info.plist */ = {isa = PBXFileReference; lastKnownFileType = text.plist.xml; path = Info.plist; sourceTree = "<group>"; };
		96E9C0AB19E4421000C7A502 /* RhythWalkTests.swift */ = {isa = PBXFileReference; lastKnownFileType = sourcecode.swift; path = RhythWalkTests.swift; sourceTree = "<group>"; };
/* End PBXFileReference section */

/* Begin PBXFrameworksBuildPhase section */
		96E9C08D19E4421000C7A502 /* Frameworks */ = {
			isa = PBXFrameworksBuildPhase;
			buildActionMask = 2147483647;
			files = (
				962D221619F6CBDB00890796 /* SpriteKit.framework in Frameworks */,
				9680CB4C19F0D02F0095763E /* UIKit.framework in Frameworks */,
				9680CB4A19F0D01C0095763E /* Foundation.framework in Frameworks */,
				9680CB4819F0D0090095763E /* CoreGraphics.framework in Frameworks */,
				9680CB4619F0CF2B0095763E /* MediaPlayer.framework in Frameworks */,
			);
			runOnlyForDeploymentPostprocessing = 0;
		};
		96E9C0A219E4421000C7A502 /* Frameworks */ = {
			isa = PBXFrameworksBuildPhase;
			buildActionMask = 2147483647;
			files = (
			);
			runOnlyForDeploymentPostprocessing = 0;
		};
/* End PBXFrameworksBuildPhase section */

/* Begin PBXGroup section */
		96E9C08719E4421000C7A502 = {
			isa = PBXGroup;
			children = (
				962D221519F6CBDA00890796 /* SpriteKit.framework */,
				9680CB4B19F0D02F0095763E /* UIKit.framework */,
				9680CB4919F0D01C0095763E /* Foundation.framework */,
				9680CB4719F0D0090095763E /* CoreGraphics.framework */,
				9680CB4519F0CF2B0095763E /* MediaPlayer.framework */,
				96B8C1E819E4682F0042C6E6 /* 矢印.png */,
				96C9FF6C19F7A494004DDB56 /* 停止ボタン.png */,
				96B8C1E619E463110042C6E6 /* 再生ボタン.png */,
				96B8C1E419E45E180042C6E6 /* 青大円.png */,
				96C9FF6619F7A42C004DDB56 /* button_left.png */,
				96A0A8F019FA346000B28206 /* musicalnote_shadow.png */,
				96A0A8F219FA386600B28206 /* seekbar1.png */,
				96C9FF6819F7A436004DDB56 /* button_right.png */,
				96E9C09219E4421000C7A502 /* RhythWalk */,
				96E9C0A819E4421000C7A502 /* RhythWalkTests */,
				96E9C09119E4421000C7A502 /* Products */,
			);
			sourceTree = "<group>";
		};
		96E9C09119E4421000C7A502 /* Products */ = {
			isa = PBXGroup;
			children = (
				96E9C09019E4421000C7A502 /* RhythWalk.app */,
				96E9C0A519E4421000C7A502 /* RhythWalkTests.xctest */,
			);
			name = Products;
			sourceTree = "<group>";
		};
		96E9C09219E4421000C7A502 /* RhythWalk */ = {
			isa = PBXGroup;
			children = (
				96E9C09519E4421000C7A502 /* AppDelegate.swift */,
				96E9C09719E4421000C7A502 /* ViewController.swift */,
				96BD63CA19F9731100E18209 /* SecondViewController.swift */,
				96E9C09919E4421000C7A502 /* Main.storyboard */,
				96E9C09C19E4421000C7A502 /* Images.xcassets */,
				96E9C09E19E4421000C7A502 /* LaunchScreen.xib */,
				96E9C09319E4421000C7A502 /* Supporting Files */,
			);
			path = RhythWalk;
			sourceTree = "<group>";
		};
		96E9C09319E4421000C7A502 /* Supporting Files */ = {
			isa = PBXGroup;
			children = (
				96E9C09419E4421000C7A502 /* Info.plist */,
			);
			name = "Supporting Files";
			sourceTree = "<group>";
		};
		96E9C0A819E4421000C7A502 /* RhythWalkTests */ = {
			isa = PBXGroup;
			children = (
				96E9C0AB19E4421000C7A502 /* RhythWalkTests.swift */,
				96E9C0A919E4421000C7A502 /* Supporting Files */,
			);
			path = RhythWalkTests;
			sourceTree = "<group>";
		};
		96E9C0A919E4421000C7A502 /* Supporting Files */ = {
			isa = PBXGroup;
			children = (
				96E9C0AA19E4421000C7A502 /* Info.plist */,
			);
			name = "Supporting Files";
			sourceTree = "<group>";
		};
/* End PBXGroup section */

/* Begin PBXNativeTarget section */
		96E9C08F19E4421000C7A502 /* RhythWalk */ = {
			isa = PBXNativeTarget;
			buildConfigurationList = 96E9C0AF19E4421000C7A502 /* Build configuration list for PBXNativeTarget "RhythWalk" */;
			buildPhases = (
				96E9C08C19E4421000C7A502 /* Sources */,
				96E9C08D19E4421000C7A502 /* Frameworks */,
				96E9C08E19E4421000C7A502 /* Resources */,
			);
			buildRules = (
			);
			dependencies = (
			);
			name = RhythWalk;
			productName = RhythWalk;
			productReference = 96E9C09019E4421000C7A502 /* RhythWalk.app */;
			productType = "com.apple.product-type.application";
		};
		96E9C0A419E4421000C7A502 /* RhythWalkTests */ = {
			isa = PBXNativeTarget;
			buildConfigurationList = 96E9C0B219E4421000C7A502 /* Build configuration list for PBXNativeTarget "RhythWalkTests" */;
			buildPhases = (
				96E9C0A119E4421000C7A502 /* Sources */,
				96E9C0A219E4421000C7A502 /* Frameworks */,
				96E9C0A319E4421000C7A502 /* Resources */,
			);
			buildRules = (
			);
			dependencies = (
				96E9C0A719E4421000C7A502 /* PBXTargetDependency */,
			);
			name = RhythWalkTests;
			productName = RhythWalkTests;
			productReference = 96E9C0A519E4421000C7A502 /* RhythWalkTests.xctest */;
			productType = "com.apple.product-type.bundle.unit-test";
		};
/* End PBXNativeTarget section */

/* Begin PBXProject section */
		96E9C08819E4421000C7A502 /* Project object */ = {
			isa = PBXProject;
			attributes = {
				LastUpgradeCheck = 0600;
				ORGANIZATIONNAME = "Jun Murakami";
				TargetAttributes = {
					96E9C08F19E4421000C7A502 = {
						CreatedOnToolsVersion = 6.0.1;
					};
					96E9C0A419E4421000C7A502 = {
						CreatedOnToolsVersion = 6.0.1;
						TestTargetID = 96E9C08F19E4421000C7A502;
					};
				};
			};
			buildConfigurationList = 96E9C08B19E4421000C7A502 /* Build configuration list for PBXProject "RhythWalk" */;
			compatibilityVersion = "Xcode 3.2";
			developmentRegion = English;
			hasScannedForEncodings = 0;
			knownRegions = (
				en,
				Base,
			);
			mainGroup = 96E9C08719E4421000C7A502;
			productRefGroup = 96E9C09119E4421000C7A502 /* Products */;
			projectDirPath = "";
			projectRoot = "";
			targets = (
				96E9C08F19E4421000C7A502 /* RhythWalk */,
				96E9C0A419E4421000C7A502 /* RhythWalkTests */,
			);
		};
/* End PBXProject section */

/* Begin PBXResourcesBuildPhase section */
		96E9C08E19E4421000C7A502 /* Resources */ = {
			isa = PBXResourcesBuildPhase;
			buildActionMask = 2147483647;
			files = (
				96C9FF6719F7A42C004DDB56 /* button_left.png in Resources */,
				96B8C1E519E45E180042C6E6 /* 青大円.png in Resources */,
				96A0A8F119FA346000B28206 /* musicalnote_shadow.png in Resources */,
				96A0A8F319FA386600B28206 /* seekbar1.png in Resources */,
				96B8C1E719E463110042C6E6 /* 再生ボタン.png in Resources */,
				96E9C09B19E4421000C7A502 /* Main.storyboard in Resources */,
				96C9FF6919F7A436004DDB56 /* button_right.png in Resources */,
				96B8C1E919E4682F0042C6E6 /* 矢印.png in Resources */,
				96E9C0A019E4421000C7A502 /* LaunchScreen.xib in Resources */,
				96E9C09D19E4421000C7A502 /* Images.xcassets in Resources */,
				96C9FF6D19F7A494004DDB56 /* 停止ボタン.png in Resources */,
			);
			runOnlyForDeploymentPostprocessing = 0;
		};
		96E9C0A319E4421000C7A502 /* Resources */ = {
			isa = PBXResourcesBuildPhase;
			buildActionMask = 2147483647;
			files = (
			);
			runOnlyForDeploymentPostprocessing = 0;
		};
/* End PBXResourcesBuildPhase section */

/* Begin PBXSourcesBuildPhase section */
		96E9C08C19E4421000C7A502 /* Sources */ = {
			isa = PBXSourcesBuildPhase;
			buildActionMask = 2147483647;
			files = (
				96E9C09819E4421000C7A502 /* ViewController.swift in Sources */,
				96E9C09619E4421000C7A502 /* AppDelegate.swift in Sources */,
				96BD63CB19F9731100E18209 /* SecondViewController.swift in Sources */,
			);
			runOnlyForDeploymentPostprocessing = 0;
		};
		96E9C0A119E4421000C7A502 /* Sources */ = {
			isa = PBXSourcesBuildPhase;
			buildActionMask = 2147483647;
			files = (
				96E9C0AC19E4421000C7A502 /* RhythWalkTests.swift in Sources */,
			);
			runOnlyForDeploymentPostprocessing = 0;
		};
/* End PBXSourcesBuildPhase section */

/* Begin PBXTargetDependency section */
		96E9C0A719E4421000C7A502 /* PBXTargetDependency */ = {
			isa = PBXTargetDependency;
			target = 96E9C08F19E4421000C7A502 /* RhythWalk */;
			targetProxy = 96E9C0A619E4421000C7A502 /* PBXContainerItemProxy */;
		};
/* End PBXTargetDependency section */

/* Begin PBXVariantGroup section */
		96E9C09919E4421000C7A502 /* Main.storyboard */ = {
			isa = PBXVariantGroup;
			children = (
				96E9C09A19E4421000C7A502 /* Base */,
			);
			name = Main.storyboard;
			sourceTree = "<group>";
		};
		96E9C09E19E4421000C7A502 /* LaunchScreen.xib */ = {
			isa = PBXVariantGroup;
			children = (
				96E9C09F19E4421000C7A502 /* Base */,
			);
			name = LaunchScreen.xib;
			sourceTree = "<group>";
		};
/* End PBXVariantGroup section */

/* Begin XCBuildConfiguration section */
		96E9C0AD19E4421000C7A502 /* Debug */ = {
			isa = XCBuildConfiguration;
			buildSettings = {
				ALWAYS_SEARCH_USER_PATHS = NO;
				CLANG_CXX_LANGUAGE_STANDARD = "gnu++0x";
				CLANG_CXX_LIBRARY = "libc++";
				CLANG_ENABLE_MODULES = YES;
				CLANG_ENABLE_OBJC_ARC = YES;
				CLANG_WARN_BOOL_CONVERSION = YES;
				CLANG_WARN_CONSTANT_CONVERSION = YES;
				CLANG_WARN_DIRECT_OBJC_ISA_USAGE = YES_ERROR;
				CLANG_WARN_EMPTY_BODY = YES;
				CLANG_WARN_ENUM_CONVERSION = YES;
				CLANG_WARN_INT_CONVERSION = YES;
				CLANG_WARN_OBJC_ROOT_CLASS = YES_ERROR;
				CLANG_WARN_UNREACHABLE_CODE = YES;
				CLANG_WARN__DUPLICATE_METHOD_MATCH = YES;
				"CODE_SIGN_IDENTITY[sdk=iphoneos*]" = "iPhone Developer";
				COPY_PHASE_STRIP = NO;
				ENABLE_STRICT_OBJC_MSGSEND = YES;
				GCC_C_LANGUAGE_STANDARD = gnu99;
				GCC_DYNAMIC_NO_PIC = NO;
				GCC_OPTIMIZATION_LEVEL = 0;
				GCC_PREPROCESSOR_DEFINITIONS = (
					"DEBUG=1",
					"$(inherited)",
				);
				GCC_SYMBOLS_PRIVATE_EXTERN = NO;
				GCC_WARN_64_TO_32_BIT_CONVERSION = YES;
				GCC_WARN_ABOUT_RETURN_TYPE = YES_ERROR;
				GCC_WARN_UNDECLARED_SELECTOR = YES;
				GCC_WARN_UNINITIALIZED_AUTOS = YES_AGGRESSIVE;
				GCC_WARN_UNUSED_FUNCTION = YES;
				GCC_WARN_UNUSED_VARIABLE = YES;
				IPHONEOS_DEPLOYMENT_TARGET = 8.0;
				MTL_ENABLE_DEBUG_INFO = YES;
				ONLY_ACTIVE_ARCH = YES;
				SDKROOT = iphoneos;
				SWIFT_OPTIMIZATION_LEVEL = "-Onone";
			};
			name = Debug;
		};
		96E9C0AE19E4421000C7A502 /* Release */ = {
			isa = XCBuildConfiguration;
			buildSettings = {
				ALWAYS_SEARCH_USER_PATHS = NO;
				CLANG_CXX_LANGUAGE_STANDARD = "gnu++0x";
				CLANG_CXX_LIBRARY = "libc++";
				CLANG_ENABLE_MODULES = YES;
				CLANG_ENABLE_OBJC_ARC = YES;
				CLANG_WARN_BOOL_CONVERSION = YES;
				CLANG_WARN_CONSTANT_CONVERSION = YES;
				CLANG_WARN_DIRECT_OBJC_ISA_USAGE = YES_ERROR;
				CLANG_WARN_EMPTY_BODY = YES;
				CLANG_WARN_ENUM_CONVERSION = YES;
				CLANG_WARN_INT_CONVERSION = YES;
				CLANG_WARN_OBJC_ROOT_CLASS = YES_ERROR;
				CLANG_WARN_UNREACHABLE_CODE = YES;
				CLANG_WARN__DUPLICATE_METHOD_MATCH = YES;
				"CODE_SIGN_IDENTITY[sdk=iphoneos*]" = "iPhone Developer";
				COPY_PHASE_STRIP = YES;
				ENABLE_NS_ASSERTIONS = NO;
				ENABLE_STRICT_OBJC_MSGSEND = YES;
				GCC_C_LANGUAGE_STANDARD = gnu99;
				GCC_WARN_64_TO_32_BIT_CONVERSION = YES;
				GCC_WARN_ABOUT_RETURN_TYPE = YES_ERROR;
				GCC_WARN_UNDECLARED_SELECTOR = YES;
				GCC_WARN_UNINITIALIZED_AUTOS = YES_AGGRESSIVE;
				GCC_WARN_UNUSED_FUNCTION = YES;
				GCC_WARN_UNUSED_VARIABLE = YES;
				IPHONEOS_DEPLOYMENT_TARGET = 8.0;
				MTL_ENABLE_DEBUG_INFO = NO;
				SDKROOT = iphoneos;
				VALIDATE_PRODUCT = YES;
			};
			name = Release;
		};
		96E9C0B019E4421000C7A502 /* Debug */ = {
			isa = XCBuildConfiguration;
			buildSettings = {
				ASSETCATALOG_COMPILER_APPICON_NAME = AppIcon;
				CLANG_ENABLE_MODULES = YES;
				CODE_SIGN_IDENTITY = "iPhone Developer";
				INFOPLIST_FILE = RhythWalk/Info.plist;
				LD_RUNPATH_SEARCH_PATHS = "$(inherited) @executable_path/Frameworks";
				PRODUCT_NAME = "$(TARGET_NAME)";
				SWIFT_OBJC_BRIDGING_HEADER = "";
				SWIFT_OPTIMIZATION_LEVEL = "-Onone";
			};
			name = Debug;
		};
		96E9C0B119E4421000C7A502 /* Release */ = {
			isa = XCBuildConfiguration;
			buildSettings = {
				ASSETCATALOG_COMPILER_APPICON_NAME = AppIcon;
				CLANG_ENABLE_MODULES = YES;
				CODE_SIGN_IDENTITY = "iPhone Developer";
				INFOPLIST_FILE = RhythWalk/Info.plist;
				LD_RUNPATH_SEARCH_PATHS = "$(inherited) @executable_path/Frameworks";
				PRODUCT_NAME = "$(TARGET_NAME)";
				SWIFT_OBJC_BRIDGING_HEADER = "";
			};
			name = Release;
		};
		96E9C0B319E4421000C7A502 /* Debug */ = {
			isa = XCBuildConfiguration;
			buildSettings = {
				BUNDLE_LOADER = "$(TEST_HOST)";
				FRAMEWORK_SEARCH_PATHS = (
					"$(SDKROOT)/Developer/Library/Frameworks",
					"$(inherited)",
				);
				GCC_PREPROCESSOR_DEFINITIONS = (
					"DEBUG=1",
					"$(inherited)",
				);
				INFOPLIST_FILE = RhythWalkTests/Info.plist;
				LD_RUNPATH_SEARCH_PATHS = "$(inherited) @executable_path/Frameworks @loader_path/Frameworks";
				PRODUCT_NAME = "$(TARGET_NAME)";
				TEST_HOST = "$(BUILT_PRODUCTS_DIR)/RhythWalk.app/RhythWalk";
			};
			name = Debug;
		};
		96E9C0B419E4421000C7A502 /* Release */ = {
			isa = XCBuildConfiguration;
			buildSettings = {
				BUNDLE_LOADER = "$(TEST_HOST)";
				FRAMEWORK_SEARCH_PATHS = (
					"$(SDKROOT)/Developer/Library/Frameworks",
					"$(inherited)",
				);
				INFOPLIST_FILE = RhythWalkTests/Info.plist;
				LD_RUNPATH_SEARCH_PATHS = "$(inherited) @executable_path/Frameworks @loader_path/Frameworks";
				PRODUCT_NAME = "$(TARGET_NAME)";
				TEST_HOST = "$(BUILT_PRODUCTS_DIR)/RhythWalk.app/RhythWalk";
			};
			name = Release;
		};
/* End XCBuildConfiguration section */

/* Begin XCConfigurationList section */
		96E9C08B19E4421000C7A502 /* Build configuration list for PBXProject "RhythWalk" */ = {
			isa = XCConfigurationList;
			buildConfigurations = (
				96E9C0AD19E4421000C7A502 /* Debug */,
				96E9C0AE19E4421000C7A502 /* Release */,
			);
			defaultConfigurationIsVisible = 0;
			defaultConfigurationName = Release;
		};
		96E9C0AF19E4421000C7A502 /* Build configuration list for PBXNativeTarget "RhythWalk" */ = {
			isa = XCConfigurationList;
			buildConfigurations = (
				96E9C0B019E4421000C7A502 /* Debug */,
				96E9C0B119E4421000C7A502 /* Release */,
			);
			defaultConfigurationIsVisible = 0;
			defaultConfigurationName = Release;
		};
		96E9C0B219E4421000C7A502 /* Build configuration list for PBXNativeTarget "RhythWalkTests" */ = {
			isa = XCConfigurationList;
			buildConfigurations = (
				96E9C0B319E4421000C7A502 /* Debug */,
				96E9C0B419E4421000C7A502 /* Release */,
			);
			defaultConfigurationIsVisible = 0;
			defaultConfigurationName = Release;
		};
/* End XCConfigurationList section */
	};
	rootObject = 96E9C08819E4421000C7A502 /* Project object */;
}
